// !$*UTF8*$!
{
	archiveVersion = 1;
	classes = {
	};
	objectVersion = 46;
	objects = {

/* Begin PBXBuildFile section */
		1ADA3CB21354F7C400358A6C /* UIKit.framework in Frameworks */ = {isa = PBXBuildFile; fileRef = 1ADA3CB11354F7C400358A6C /* UIKit.framework */; };
		1ADA3CB41354F7C400358A6C /* Foundation.framework in Frameworks */ = {isa = PBXBuildFile; fileRef = 1ADA3CB31354F7C400358A6C /* Foundation.framework */; };
		1ADA3CB61354F7C400358A6C /* CoreGraphics.framework in Frameworks */ = {isa = PBXBuildFile; fileRef = 1ADA3CB51354F7C400358A6C /* CoreGraphics.framework */; };
		1ADA3CBC1354F7C400358A6C /* InfoPlist.strings in Resources */ = {isa = PBXBuildFile; fileRef = 1ADA3CBA1354F7C400358A6C /* InfoPlist.strings */; };
		1ADA3CBF1354F7C500358A6C /* main.m in Sources */ = {isa = PBXBuildFile; fileRef = 1ADA3CBE1354F7C500358A6C /* main.m */; };
		1ADA3CC21354F7C500358A6C /* JSLockScreenAppDelegate.m in Sources */ = {isa = PBXBuildFile; fileRef = 1ADA3CC11354F7C500358A6C /* JSLockScreenAppDelegate.m */; };
		1ADA3CC51354F7C500358A6C /* MainWindow.xib in Resources */ = {isa = PBXBuildFile; fileRef = 1ADA3CC31354F7C500358A6C /* MainWindow.xib */; };
		1ADA3CC81354F7C500358A6C /* ExampleViewController.m in Sources */ = {isa = PBXBuildFile; fileRef = 1ADA3CC71354F7C500358A6C /* ExampleViewController.m */; };
		1ADA3CCB1354F7C500358A6C /* ExampleViewController.xib in Resources */ = {isa = PBXBuildFile; fileRef = 1ADA3CC91354F7C500358A6C /* ExampleViewController.xib */; };
		1ADA3CD71354F80900358A6C /* lock_background.png in Resources */ = {isa = PBXBuildFile; fileRef = 1ADA3CD11354F80900358A6C /* lock_background.png */; };
		1ADA3CD81354F80900358A6C /* lock_background@2x.png in Resources */ = {isa = PBXBuildFile; fileRef = 1ADA3CD21354F80900358A6C /* lock_background@2x.png */; };
		1ADA3CD91354F80900358A6C /* passcodeFieldBackground.png in Resources */ = {isa = PBXBuildFile; fileRef = 1ADA3CD31354F80900358A6C /* passcodeFieldBackground.png */; };
		1ADA3CDA1354F80900358A6C /* passcodeFieldBackground@2x.png in Resources */ = {isa = PBXBuildFile; fileRef = 1ADA3CD41354F80900358A6C /* passcodeFieldBackground@2x.png */; };
		1ADA3CDB1354F80900358A6C /* passcodeTopBackground.png in Resources */ = {isa = PBXBuildFile; fileRef = 1ADA3CD51354F80900358A6C /* passcodeTopBackground.png */; };
		1ADA3CDC1354F80900358A6C /* passcodeTopBackground@2x.png in Resources */ = {isa = PBXBuildFile; fileRef = 1ADA3CD61354F80900358A6C /* passcodeTopBackground@2x.png */; };
		1ADA3CDF1354F84800358A6C /* JSLockScreenViewController.m in Sources */ = {isa = PBXBuildFile; fileRef = 1ADA3CDE1354F84800358A6C /* JSLockScreenViewController.m */; };
		1ADA3CE213550F7D00358A6C /* passcodeTopBackground_red.png in Resources */ = {isa = PBXBuildFile; fileRef = 1ADA3CE013550F7D00358A6C /* passcodeTopBackground_red.png */; };
		1ADA3CE313550F7D00358A6C /* passcodeTopBackground_red@2x.png in Resources */ = {isa = PBXBuildFile; fileRef = 1ADA3CE113550F7D00358A6C /* passcodeTopBackground_red@2x.png */; };
/* End PBXBuildFile section */

/* Begin PBXFileReference section */
		1ADA3CAD1354F7C400358A6C /* JSLockScreen.app */ = {isa = PBXFileReference; explicitFileType = wrapper.application; includeInIndex = 0; path = JSLockScreen.app; sourceTree = BUILT_PRODUCTS_DIR; };
		1ADA3CB11354F7C400358A6C /* UIKit.framework */ = {isa = PBXFileReference; lastKnownFileType = wrapper.framework; name = UIKit.framework; path = System/Library/Frameworks/UIKit.framework; sourceTree = SDKROOT; };
		1ADA3CB31354F7C400358A6C /* Foundation.framework */ = {isa = PBXFileReference; lastKnownFileType = wrapper.framework; name = Foundation.framework; path = System/Library/Frameworks/Foundation.framework; sourceTree = SDKROOT; };
		1ADA3CB51354F7C400358A6C /* CoreGraphics.framework */ = {isa = PBXFileReference; lastKnownFileType = wrapper.framework; name = CoreGraphics.framework; path = System/Library/Frameworks/CoreGraphics.framework; sourceTree = SDKROOT; };
		1ADA3CB91354F7C400358A6C /* JSLockScreen-Info.plist */ = {isa = PBXFileReference; lastKnownFileType = text.plist.xml; path = "JSLockScreen-Info.plist"; sourceTree = "<group>"; };
		1ADA3CBB1354F7C400358A6C /* en */ = {isa = PBXFileReference; lastKnownFileType = text.plist.strings; name = en; path = en.lproj/InfoPlist.strings; sourceTree = "<group>"; };
		1ADA3CBD1354F7C500358A6C /* JSLockScreen-Prefix.pch */ = {isa = PBXFileReference; lastKnownFileType = sourcecode.c.h; path = "JSLockScreen-Prefix.pch"; sourceTree = "<group>"; };
		1ADA3CBE1354F7C500358A6C /* main.m */ = {isa = PBXFileReference; lastKnownFileType = sourcecode.c.objc; path = main.m; sourceTree = "<group>"; };
		1ADA3CC01354F7C500358A6C /* JSLockScreenAppDelegate.h */ = {isa = PBXFileReference; lastKnownFileType = sourcecode.c.h; path = JSLockScreenAppDelegate.h; sourceTree = "<group>"; };
		1ADA3CC11354F7C500358A6C /* JSLockScreenAppDelegate.m */ = {isa = PBXFileReference; lastKnownFileType = sourcecode.c.objc; path = JSLockScreenAppDelegate.m; sourceTree = "<group>"; };
		1ADA3CC41354F7C500358A6C /* en */ = {isa = PBXFileReference; lastKnownFileType = file.xib; name = en; path = en.lproj/MainWindow.xib; sourceTree = "<group>"; };
		1ADA3CC61354F7C500358A6C /* ExampleViewController.h */ = {isa = PBXFileReference; lastKnownFileType = sourcecode.c.h; path = ExampleViewController.h; sourceTree = "<group>"; };
		1ADA3CC71354F7C500358A6C /* ExampleViewController.m */ = {isa = PBXFileReference; lastKnownFileType = sourcecode.c.objc; path = ExampleViewController.m; sourceTree = "<group>"; };
		1ADA3CCA1354F7C500358A6C /* en */ = {isa = PBXFileReference; lastKnownFileType = file.xib; name = en; path = en.lproj/ExampleViewController.xib; sourceTree = "<group>"; };
		1ADA3CD11354F80900358A6C /* lock_background.png */ = {isa = PBXFileReference; lastKnownFileType = image.png; path = lock_background.png; sourceTree = "<group>"; };
		1ADA3CD21354F80900358A6C /* lock_background@2x.png */ = {isa = PBXFileReference; lastKnownFileType = image.png; path = "lock_background@2x.png"; sourceTree = "<group>"; };
		1ADA3CD31354F80900358A6C /* passcodeFieldBackground.png */ = {isa = PBXFileReference; lastKnownFileType = image.png; path = passcodeFieldBackground.png; sourceTree = "<group>"; };
		1ADA3CD41354F80900358A6C /* passcodeFieldBackground@2x.png */ = {isa = PBXFileReference; lastKnownFileType = image.png; path = "passcodeFieldBackground@2x.png"; sourceTree = "<group>"; };
		1ADA3CD51354F80900358A6C /* passcodeTopBackground.png */ = {isa = PBXFileReference; lastKnownFileType = image.png; path = passcodeTopBackground.png; sourceTree = "<group>"; };
		1ADA3CD61354F80900358A6C /* passcodeTopBackground@2x.png */ = {isa = PBXFileReference; lastKnownFileType = image.png; path = "passcodeTopBackground@2x.png"; sourceTree = "<group>"; };
		1ADA3CDD1354F84800358A6C /* JSLockScreenViewController.h */ = {isa = PBXFileReference; fileEncoding = 4; lastKnownFileType = sourcecode.c.h; path = JSLockScreenViewController.h; sourceTree = "<group>"; };
		1ADA3CDE1354F84800358A6C /* JSLockScreenViewController.m */ = {isa = PBXFileReference; fileEncoding = 4; lastKnownFileType = sourcecode.c.objc; path = JSLockScreenViewController.m; sourceTree = "<group>"; };
		1ADA3CE013550F7D00358A6C /* passcodeTopBackground_red.png */ = {isa = PBXFileReference; lastKnownFileType = image.png; path = passcodeTopBackground_red.png; sourceTree = "<group>"; };
		1ADA3CE113550F7D00358A6C /* passcodeTopBackground_red@2x.png */ = {isa = PBXFileReference; lastKnownFileType = image.png; path = "passcodeTopBackground_red@2x.png"; sourceTree = "<group>"; };
/* End PBXFileReference section */

/* Begin PBXFrameworksBuildPhase section */
		1ADA3CAA1354F7C400358A6C /* Frameworks */ = {
			isa = PBXFrameworksBuildPhase;
			buildActionMask = 2147483647;
			files = (
				1ADA3CB21354F7C400358A6C /* UIKit.framework in Frameworks */,
				1ADA3CB41354F7C400358A6C /* Foundation.framework in Frameworks */,
				1ADA3CB61354F7C400358A6C /* CoreGraphics.framework in Frameworks */,
			);
			runOnlyForDeploymentPostprocessing = 0;
		};
/* End PBXFrameworksBuildPhase section */

/* Begin PBXGroup section */
		1ADA3CA21354F7C400358A6C = {
			isa = PBXGroup;
			children = (
				1ADA3CB71354F7C400358A6C /* JSLockScreen */,
				1ADA3CB01354F7C400358A6C /* Frameworks */,
				1ADA3CAE1354F7C400358A6C /* Products */,
			);
			sourceTree = "<group>";
		};
		1ADA3CAE1354F7C400358A6C /* Products */ = {
			isa = PBXGroup;
			children = (
				1ADA3CAD1354F7C400358A6C /* JSLockScreen.app */,
			);
			name = Products;
			sourceTree = "<group>";
		};
		1ADA3CB01354F7C400358A6C /* Frameworks */ = {
			isa = PBXGroup;
			children = (
				1ADA3CB11354F7C400358A6C /* UIKit.framework */,
				1ADA3CB31354F7C400358A6C /* Foundation.framework */,
				1ADA3CB51354F7C400358A6C /* CoreGraphics.framework */,
			);
			name = Frameworks;
			sourceTree = "<group>";
		};
		1ADA3CB71354F7C400358A6C /* JSLockScreen */ = {
			isa = PBXGroup;
			children = (
				1ADA3CC01354F7C500358A6C /* JSLockScreenAppDelegate.h */,
				1ADA3CC11354F7C500358A6C /* JSLockScreenAppDelegate.m */,
				1ADA3CC31354F7C500358A6C /* MainWindow.xib */,
				1ADA3CC61354F7C500358A6C /* ExampleViewController.h */,
				1ADA3CC71354F7C500358A6C /* ExampleViewController.m */,
				1ADA3CC91354F7C500358A6C /* ExampleViewController.xib */,
				1ADA3CD11354F80900358A6C /* lock_background.png */,
				1ADA3CD21354F80900358A6C /* lock_background@2x.png */,
				1ADA3CD31354F80900358A6C /* passcodeFieldBackground.png */,
				1ADA3CD41354F80900358A6C /* passcodeFieldBackground@2x.png */,
				1ADA3CD51354F80900358A6C /* passcodeTopBackground.png */,
				1ADA3CD61354F80900358A6C /* passcodeTopBackground@2x.png */,
				1ADA3CE013550F7D00358A6C /* passcodeTopBackground_red.png */,
				1ADA3CE113550F7D00358A6C /* passcodeTopBackground_red@2x.png */,
				1ADA3CDD1354F84800358A6C /* JSLockScreenViewController.h */,
				1ADA3CDE1354F84800358A6C /* JSLockScreenViewController.m */,
				1ADA3CB81354F7C400358A6C /* Supporting Files */,
			);
			path = JSLockScreen;
			sourceTree = "<group>";
		};
		1ADA3CB81354F7C400358A6C /* Supporting Files */ = {
			isa = PBXGroup;
			children = (
				1ADA3CB91354F7C400358A6C /* JSLockScreen-Info.plist */,
				1ADA3CBA1354F7C400358A6C /* InfoPlist.strings */,
				1ADA3CBD1354F7C500358A6C /* JSLockScreen-Prefix.pch */,
				1ADA3CBE1354F7C500358A6C /* main.m */,
			);
			name = "Supporting Files";
			sourceTree = "<group>";
		};
/* End PBXGroup section */

/* Begin PBXNativeTarget section */
		1ADA3CAC1354F7C400358A6C /* JSLockScreen */ = {
			isa = PBXNativeTarget;
			buildConfigurationList = 1ADA3CCE1354F7C500358A6C /* Build configuration list for PBXNativeTarget "JSLockScreen" */;
			buildPhases = (
				1ADA3CA91354F7C400358A6C /* Sources */,
				1ADA3CAA1354F7C400358A6C /* Frameworks */,
				1ADA3CAB1354F7C400358A6C /* Resources */,
			);
			buildRules = (
			);
			dependencies = (
			);
			name = JSLockScreen;
			productName = JSLockScreen;
			productReference = 1ADA3CAD1354F7C400358A6C /* JSLockScreen.app */;
			productType = "com.apple.product-type.application";
		};
/* End PBXNativeTarget section */

/* Begin PBXProject section */
		1ADA3CA41354F7C400358A6C /* Project object */ = {
			isa = PBXProject;
			attributes = {
				ORGANIZATIONNAME = "Grapple Mobile";
			};
			buildConfigurationList = 1ADA3CA71354F7C400358A6C /* Build configuration list for PBXProject "JSLockScreen" */;
			compatibilityVersion = "Xcode 3.2";
			developmentRegion = English;
			hasScannedForEncodings = 0;
			knownRegions = (
				en,
			);
			mainGroup = 1ADA3CA21354F7C400358A6C;
			productRefGroup = 1ADA3CAE1354F7C400358A6C /* Products */;
			projectDirPath = "";
			projectRoot = "";
			targets = (
				1ADA3CAC1354F7C400358A6C /* JSLockScreen */,
			);
		};
/* End PBXProject section */

/* Begin PBXResourcesBuildPhase section */
		1ADA3CAB1354F7C400358A6C /* Resources */ = {
			isa = PBXResourcesBuildPhase;
			buildActionMask = 2147483647;
			files = (
				1ADA3CBC1354F7C400358A6C /* InfoPlist.strings in Resources */,
				1ADA3CC51354F7C500358A6C /* MainWindow.xib in Resources */,
				1ADA3CCB1354F7C500358A6C /* ExampleViewController.xib in Resources */,
				1ADA3CD71354F80900358A6C /* lock_background.png in Resources */,
				1ADA3CD81354F80900358A6C /* lock_background@2x.png in Resources */,
				1ADA3CD91354F80900358A6C /* passcodeFieldBackground.png in Resources */,
				1ADA3CDA1354F80900358A6C /* passcodeFieldBackground@2x.png in Resources */,
				1ADA3CDB1354F80900358A6C /* passcodeTopBackground.png in Resources */,
				1ADA3CDC1354F80900358A6C /* passcodeTopBackground@2x.png in Resources */,
				1ADA3CE213550F7D00358A6C /* passcodeTopBackground_red.png in Resources */,
				1ADA3CE313550F7D00358A6C /* passcodeTopBackground_red@2x.png in Resources */,
			);
			runOnlyForDeploymentPostprocessing = 0;
		};
/* End PBXResourcesBuildPhase section */

/* Begin PBXSourcesBuildPhase section */
		1ADA3CA91354F7C400358A6C /* Sources */ = {
			isa = PBXSourcesBuildPhase;
			buildActionMask = 2147483647;
			files = (
				1ADA3CBF1354F7C500358A6C /* main.m in Sources */,
				1ADA3CC21354F7C500358A6C /* JSLockScreenAppDelegate.m in Sources */,
				1ADA3CC81354F7C500358A6C /* ExampleViewController.m in Sources */,
				1ADA3CDF1354F84800358A6C /* JSLockScreenViewController.m in Sources */,
			);
			runOnlyForDeploymentPostprocessing = 0;
		};
/* End PBXSourcesBuildPhase section */

/* Begin PBXVariantGroup section */
		1ADA3CBA1354F7C400358A6C /* InfoPlist.strings */ = {
			isa = PBXVariantGroup;
			children = (
				1ADA3CBB1354F7C400358A6C /* en */,
			);
			name = InfoPlist.strings;
			sourceTree = "<group>";
		};
		1ADA3CC31354F7C500358A6C /* MainWindow.xib */ = {
			isa = PBXVariantGroup;
			children = (
				1ADA3CC41354F7C500358A6C /* en */,
			);
			name = MainWindow.xib;
			sourceTree = "<group>";
		};
		1ADA3CC91354F7C500358A6C /* ExampleViewController.xib */ = {
			isa = PBXVariantGroup;
			children = (
				1ADA3CCA1354F7C500358A6C /* en */,
			);
			name = ExampleViewController.xib;
			sourceTree = "<group>";
		};
/* End PBXVariantGroup section */

/* Begin XCBuildConfiguration section */
		1ADA3CCC1354F7C500358A6C /* Debug */ = {
			isa = XCBuildConfiguration;
			buildSettings = {
				ARCHS = "$(ARCHS_STANDARD_32_BIT)";
				"CODE_SIGN_IDENTITY[sdk=iphoneos*]" = "iPhone Developer";
				GCC_C_LANGUAGE_STANDARD = gnu99;
				GCC_OPTIMIZATION_LEVEL = 0;
				GCC_PREPROCESSOR_DEFINITIONS = DEBUG;
				GCC_SYMBOLS_PRIVATE_EXTERN = NO;
				GCC_VERSION = com.apple.compilers.llvmgcc42;
				GCC_WARN_ABOUT_RETURN_TYPE = YES;
				GCC_WARN_UNUSED_VARIABLE = YES;
				IPHONEOS_DEPLOYMENT_TARGET = 4.3;
				SDKROOT = iphoneos;
			};
			name = Debug;
		};
		1ADA3CCD1354F7C500358A6C /* Release */ = {
			isa = XCBuildConfiguration;
			buildSettings = {
				ARCHS = "$(ARCHS_STANDARD_32_BIT)";
				"CODE_SIGN_IDENTITY[sdk=iphoneos*]" = "iPhone Developer";
				GCC_C_LANGUAGE_STANDARD = gnu99;
				GCC_VERSION = com.apple.compilers.llvmgcc42;
				GCC_WARN_ABOUT_RETURN_TYPE = YES;
				GCC_WARN_UNUSED_VARIABLE = YES;
				IPHONEOS_DEPLOYMENT_TARGET = 4.3;
				OTHER_CFLAGS = "-DNS_BLOCK_ASSERTIONS=1";
				SDKROOT = iphoneos;
			};
			name = Release;
		};
		1ADA3CCF1354F7C500358A6C /* Debug */ = {
			isa = XCBuildConfiguration;
			buildSettings = {
				ALWAYS_SEARCH_USER_PATHS = NO;
				COPY_PHASE_STRIP = NO;
				GCC_DYNAMIC_NO_PIC = NO;
				GCC_PRECOMPILE_PREFIX_HEADER = YES;
				GCC_PREFIX_HEADER = "JSLockScreen/JSLockScreen-Prefix.pch";
				INFOPLIST_FILE = "JSLockScreen/JSLockScreen-Info.plist";
				PRODUCT_NAME = "$(TARGET_NAME)";
				WRAPPER_EXTENSION = app;
			};
			name = Debug;
		};
		1ADA3CD01354F7C500358A6C /* Release */ = {
			isa = XCBuildConfiguration;
			buildSettings = {
				ALWAYS_SEARCH_USER_PATHS = NO;
				COPY_PHASE_STRIP = YES;
				GCC_PRECOMPILE_PREFIX_HEADER = YES;
				GCC_PREFIX_HEADER = "JSLockScreen/JSLockScreen-Prefix.pch";
				INFOPLIST_FILE = "JSLockScreen/JSLockScreen-Info.plist";
				PRODUCT_NAME = "$(TARGET_NAME)";
				VALIDATE_PRODUCT = YES;
				WRAPPER_EXTENSION = app;
			};
			name = Release;
		};
/* End XCBuildConfiguration section */

/* Begin XCConfigurationList section */
		1ADA3CA71354F7C400358A6C /* Build configuration list for PBXProject "JSLockScreen" */ = {
			isa = XCConfigurationList;
			buildConfigurations = (
				1ADA3CCC1354F7C500358A6C /* Debug */,
				1ADA3CCD1354F7C500358A6C /* Release */,
			);
			defaultConfigurationIsVisible = 0;
			defaultConfigurationName = Release;
		};
		1ADA3CCE1354F7C500358A6C /* Build configuration list for PBXNativeTarget "JSLockScreen" */ = {
			isa = XCConfigurationList;
			buildConfigurations = (
				1ADA3CCF1354F7C500358A6C /* Debug */,
				1ADA3CD01354F7C500358A6C /* Release */,
			);
			defaultConfigurationIsVisible = 0;
		};
/* End XCConfigurationList section */
	};
	rootObject = 1ADA3CA41354F7C400358A6C /* Project object */;
}
